{
    "_meta": {
        "hash": {
            "sha256": "faa7fb48b9f946da081820e125d582f28fabdb64fc7ba3815371f44e0c8ef84d"
        },
        "pipfile-spec": 6,
        "requires": {
            "python_version": "3.12"
        },
        "sources": [
            {
                "name": "pypi",
                "url": "https://pypi.org/simple",
                "verify_ssl": true
            }
        ]
    },
    "default": {
        "asgiref": {
            "hashes": [
                "sha256:3e1e3ecc849832fe52ccf2cb6686b7a55f82bb1d6aee72a58826471390335e47",
                "sha256:c343bd80a0bec947a9860adb4c432ffa7db769836c64238fc34bdc3fec84d590"
            ],
            "markers": "python_version >= '3.8'",
            "version": "==3.8.1"
        },
        "click": {
            "hashes": [
                "sha256:ae74fb96c20a0277a1d615f1e4d73c8414f5a98db8b799a7931d1582f3390c28",
                "sha256:ca9853ad459e787e2192211578cc907e7594e294c7ccc834310722b41b9ca6de"
            ],
            "markers": "python_version >= '3.7'",
            "version": "==8.1.7"
        },
        "django": {
            "hashes": [
                "sha256:bd7376f90c99f96b643722eee676498706c9fd7dc759f55ebfaf2c08ebcdf4f0",
                "sha256:f11aa87ad8d5617171e3f77e1d5d16f004b79a2cf5d2e1d2b97a6a1f8e9ba5ed"
            ],
            "index": "pypi",
            "markers": "python_version >= '3.10'",
            "version": "==5.1.2"
        },
        "django-environ": {
            "hashes": [
                "sha256:0ff95ab4344bfeff693836aa978e6840abef2e2f1145adff7735892711590c05",
                "sha256:f32a87aa0899894c27d4e1776fa6b477e8164ed7f6b3e410a62a6d72caaf64be"
            ],
            "index": "pypi",
            "markers": "python_version >= '3.6' and python_version < '4'",
            "version": "==0.11.2"
        },
        "django-filter": {
            "hashes": [
                "sha256:c4852822928ce17fb699bcfccd644b3574f1a2d80aeb2b4ff4f16b02dd49dc64",
                "sha256:d8ccaf6732afd21ca0542f6733b11591030fa98669f8d15599b358e24a2cd9c3"
            ],
            "index": "pypi",
            "markers": "python_version >= '3.8'",
            "version": "==24.3"
        },
        "django-phonenumber-field": {
            "hashes": [
                "sha256:bc6eaa49d1f9d870944f5280258db511e3a1ba5e2fbbed255488dceacae45d06",
                "sha256:f9cdb3de085f99c249328293a3b93d4e5fa440c0c8e3b99eb0d0f54748629797"
            ],
            "index": "pypi",
            "markers": "python_version >= '3.8'",
            "version": "==7.3.0"
        },
        "djangorestframework": {
            "hashes": [
                "sha256:2b8871b062ba1aefc2de01f773875441a961fefbf79f5eed1e32b2f096944b20",
                "sha256:36fe88cd2d6c6bec23dca9804bab2ba5517a8bb9d8f47ebc68981b56840107ad"
            ],
            "index": "pypi",
            "markers": "python_version >= '3.8'",
            "version": "==3.15.2"
        },
        "granian": {
            "hashes": [
                "sha256:01db529a8bec42c9848b304748541e56b81d5f1b6f8f1779b5b9b40458d6104c",
                "sha256:041b15c53ef2cf4d616bf95f7727bebfbfbc8f3d3620cc572aa991a4b234b91d",
                "sha256:05028c728dfdfc585bc1cd80386d37d16b3e99ec9dd8fd8ebdc2e663b90dd509",
                "sha256:12736930ff6b167f43f351f8a330015f24254ecc4e954d524a59aae21f11ae8e",
                "sha256:1f79b69735fcda4ce7fad2914597db4ad96faa61a3b506ff51f6e0d1c3a40e9a",
                "sha256:20799e502bc9c5a8d27adf316817385cc08d41824e24d97aaf52da3bdb4cd5a3",
                "sha256:2250e2a5d776f800d8752ca014b00e41f723000c68ccce19e45215cab3b31d68",
                "sha256:2344153e0bfdbc64c57b231f5fbee6150db1f356705e738e58b3c0745cffbc8f",
                "sha256:25e92a7b36cbf09c56caed47a8693895a9d3f80cff6d2b537fb8f0d84a551102",
                "sha256:286efd3520e9763e38fd480cac301d8e3f9099dcbf09cc21543565892a4ca055",
                "sha256:28ecbe3c3fbbf49d9f37def93bb87850effa198311f2e07be2cd83b334f324a7",
                "sha256:312dd811090e5d47b2751c8b212874ebbef8546a849bd854790e20ae90fbeb71",
                "sha256:34269d496200925342af4e1021db7d36c1a37a8d423d381ebc58ed89943edfcc",
                "sha256:3c46e2e89d477dd13b2ee2b83a6f082b3149f35bce61096742852221861590df",
                "sha256:419e4f4f72ddec2e40a3c6c92343553f8abf04f05769faf8c8c7d492d5085a05",
                "sha256:430f7bad7c86c970cdfe7606a1ce664bd2429b6ce2f0a630b1a55860383faa67",
                "sha256:43223f9648c63f35e59da0c76bb14579eb7deaf7a0d2651bd465a15537c50806",
                "sha256:4798edbc11b88b730304c7e14a74f9b81ca4e9181161ecc0c59ee1afc513dee2",
                "sha256:50bf3c4ddfc21d16b6197c2174d93bb2731c7c631a429d3faf5d714a814c27ea",
                "sha256:51d23e1e279b91ecd86eed127e33427ac2d95492beef96507e50fdcdd6ee088a",
                "sha256:573f41ef1005f88ea311cfc0d3ce5bc659aeabee23a06aed5758bf2bb580895e",
                "sha256:5cd65662ae020deaef722e714eef9e74f75490edcf6938ee6a100df731d71f16",
                "sha256:5eb5a1902111b9d80e07ebacf46ef9273c39d63bf785925ba08fa3ff8fc89312",
                "sha256:6637625b14277777b39153ef0c1553400548685c5c6abec6988bdba846ae887d",
                "sha256:6848b3d534e03ab3732573943404e39ba78028d7b6be0c871ff99bc9f0f02605",
                "sha256:6ba514f6d4e8cbba4467d22162f60447bdfd5bb70a257716f7d43eaf922bd1f5",
                "sha256:6c6ba7c8c218b08a3ff7da345adc13428bf13ede96b4c20e361a3661147d17d9",
                "sha256:7b93183522d681bd2a9c3702fcff7de99c0e4f1d6394cade0ec26d48efb2ba01",
                "sha256:7ffe83dc57c856231a15e4265df98a7a9a1f81b996596e51f53aafc6e19bbc52",
                "sha256:8093cb5e4899315666010946960dd93f798ede21af8f9c9b14c9a635ae06ec8f",
                "sha256:823d570e9a352d424645ddf66e331ebef498d49a41b44bb33d1f87ab5c8e610a",
                "sha256:933967fbbdc9a1c217b887999c86d564807764b34fcd01dc63cf10001bf444ed",
                "sha256:94f85eac533584c20767c480106cd51707ca9686e77c219e4bf27734dd50d390",
                "sha256:98b0b606bd778efc2c0d7f23b793be3fa5bc6786d572f96d0f2a45e92fe79acf",
                "sha256:a4734c5cc5769da67e8a0886d62a4213745157cd6a486cfc66003d6298a857fc",
                "sha256:aaa391d162b1eb18b6d2ebd9ec7fb4719d48ccf37d9a28ea688d8968e413cfa3",
                "sha256:ad692cbbd1863b9af67c0adb7279ea0ea24139bfe402a45cbf8787628e14ae40",
                "sha256:af089863e86735309947402b8a3983a678ceb8f838f56bcd293a1b0e2ec08018",
                "sha256:af94dde0b76b49878315976c921f316b36b781702b631416c457d47fe0e473da",
                "sha256:afc2fe4bdf430a059350ee51a0c3282116cc5988bdc995688b64c3b0fe6c872c",
                "sha256:b23aa3065fd7e8518d121f546a9d8112ee2abfbc0f3a6a04fec6bf54beb069be",
                "sha256:b4d1238e33727cbd02bb4719f9b229733386f4fb9d44813b13021c5c6bec57fa",
                "sha256:b5d8bacfa643d043d84639598bcf742ce3fbd27e4085fda4e70cd98ea342822c",
                "sha256:b9910e50fdae0c892196da2b78bb293dd97fbae8f2802c6bf9edb72ed115ca3c",
                "sha256:bdcf033d0ec43ccbce12c0e98e0888b363f69259f128094ba93800983c2d3745",
                "sha256:c19ba925f06ee8ee4c144d1ce792a027d4debe5bd6620a275a32055faa06e1ef",
                "sha256:c9b2ef495f51030721d72b16c8e98ee0479f4e847af271637bdcf4ee618f2076",
                "sha256:d08c12873f3850b137208f465f8b36e9ce377a90ef43856aeec831a8b7e2cc15",
                "sha256:d257ed39b0e0fc13da9eec0a6575ef7e68661eff058dda3230b57c32646a2a4d",
                "sha256:d4bb8ab61371bfafbac6d506ef846d697e5f4b521a1d2de61801dbe453392256",
                "sha256:d6118027a578c278457ae09fab0ab911e7ccf8b95e07ddd5e6eeb43f552c0d28",
                "sha256:d6c7c2d5b890f4bff680204bd7e37d21a324653991a952ed5fac7e754437c2eb",
                "sha256:d76281b8db1626d17f5a07a67a8ad41085761187fb48a9ac7c032741cdb0ef5d",
                "sha256:e0997f9bf01652ba41d1197450b71d0ec2b3a111f485014904165edfe6811a4a",
                "sha256:e101226de9774e4a712e4a0d0944b751be182138f6d3e05c1eeb8679aa8d5059",
                "sha256:e2488c1a561c26f1ad3491206ee560e051ca4e0f035fab67d45fa40c385fde87",
                "sha256:e2b9647bfab44e4117a8e9166fceec8ac3b9a74e7eca9224906961fa0afa1426",
                "sha256:e9f215e09ede764f658a22534865644a4d8949ef150a5546221238f629a6b839",
                "sha256:eaa06fa29e7bf0fd7bec6323501d95d3385662c7d7cd7b865e0806c85542eceb",
                "sha256:ed02c3b56f77a1facd0d2c7bea01b013a9c5c5257d7ad42482d7086dc245d1ce",
                "sha256:ed47464202cf9f589c812940fcbba9ad234215698f3fa25bcae4e81dd243ee6b",
                "sha256:fb831cc113c7242e9f6fb81724b805b5aec8aea066792032bcd96685211e4795",
                "sha256:fcce42176bef4c336eabc5f9e4707d5b99e553d3cc8d337b758cbb7f686b7c42",
                "sha256:ff6c706eac1764e03d8e906e8cb384bfc8bd01446ad09ef467a190b6006386f8"
            ],
            "index": "pypi",
            "markers": "python_version >= '3.8'",
            "version": "==1.6.1"
        },
        "phonenumbers": {
            "hashes": [
                "sha256:5c51939acefa390eb74119750afb10a85d3c628dc83fd62c52d6f532fcf5d205",
                "sha256:62d8df9b0f3c3c41571c6b396f044ddd999d61631534001b8be7fdf7ba1b18f3"
            ],
            "index": "pypi",
            "version": "==8.13.48"
        },
        "sqlparse": {
            "hashes": [
                "sha256:773dcbf9a5ab44a090f3441e2180efe2560220203dc2f8c0b0fa141e18b505e4",
                "sha256:bb6b4df465655ef332548e24f08e205afc81b9ab86cb1c45657a7ff173a3a00e"
            ],
            "markers": "python_version >= '3.8'",
            "version": "==0.5.1"
        },
        "uvloop": {
            "hashes": [
                "sha256:0878c2640cf341b269b7e128b1a5fed890adc4455513ca710d77d5e93aa6d6a0",
                "sha256:10d66943def5fcb6e7b37310eb6b5639fd2ccbc38df1177262b0640c3ca68c1f",
                "sha256:10da8046cc4a8f12c91a1c39d1dd1585c41162a15caaef165c2174db9ef18bdc",
                "sha256:17df489689befc72c39a08359efac29bbee8eee5209650d4b9f34df73d22e414",
                "sha256:183aef7c8730e54c9a3ee3227464daed66e37ba13040bb3f350bc2ddc040f22f",
                "sha256:196274f2adb9689a289ad7d65700d37df0c0930fd8e4e743fa4834e850d7719d",
                "sha256:221f4f2a1f46032b403bf3be628011caf75428ee3cc204a22addf96f586b19fd",
                "sha256:2d1f581393673ce119355d56da84fe1dd9d2bb8b3d13ce792524e1607139feff",
                "sha256:359ec2c888397b9e592a889c4d72ba3d6befba8b2bb01743f72fffbde663b59c",
                "sha256:3bf12b0fda68447806a7ad847bfa591613177275d35b6724b1ee573faa3704e3",
                "sha256:4509360fcc4c3bd2c70d87573ad472de40c13387f5fda8cb58350a1d7475e58d",
                "sha256:460def4412e473896ef179a1671b40c039c7012184b627898eea5072ef6f017a",
                "sha256:461d9ae6660fbbafedd07559c6a2e57cd553b34b0065b6550685f6653a98c1cb",
                "sha256:46923b0b5ee7fc0020bef24afe7836cb068f5050ca04caf6b487c513dc1a20b2",
                "sha256:53e420a3afe22cdcf2a0f4846e377d16e718bc70103d7088a4f7623567ba5fb0",
                "sha256:5ee4d4ef48036ff6e5cfffb09dd192c7a5027153948d85b8da7ff705065bacc6",
                "sha256:67dd654b8ca23aed0a8e99010b4c34aca62f4b7fce88f39d452ed7622c94845c",
                "sha256:787ae31ad8a2856fc4e7c095341cccc7209bd657d0e71ad0dc2ea83c4a6fa8af",
                "sha256:86975dca1c773a2c9864f4c52c5a55631038e387b47eaf56210f873887b6c8dc",
                "sha256:87c43e0f13022b998eb9b973b5e97200c8b90823454d4bc06ab33829e09fb9bb",
                "sha256:88cb67cdbc0e483da00af0b2c3cdad4b7c61ceb1ee0f33fe00e09c81e3a6cb75",
                "sha256:8a375441696e2eda1c43c44ccb66e04d61ceeffcd76e4929e527b7fa401b90fb",
                "sha256:a5c39f217ab3c663dc699c04cbd50c13813e31d917642d459fdcec07555cc553",
                "sha256:b9fb766bb57b7388745d8bcc53a359b116b8a04c83a2288069809d2b3466c37e",
                "sha256:baa0e6291d91649c6ba4ed4b2f982f9fa165b5bbd50a9e203c416a2797bab3c6",
                "sha256:baa4dcdbd9ae0a372f2167a207cd98c9f9a1ea1188a8a526431eef2f8116cc8d",
                "sha256:bc09f0ff191e61c2d592a752423c767b4ebb2986daa9ed62908e2b1b9a9ae206",
                "sha256:bd53ecc9a0f3d87ab847503c2e1552b690362e005ab54e8a48ba97da3924c0dc",
                "sha256:bfd55dfcc2a512316e65f16e503e9e450cab148ef11df4e4e679b5e8253a5281",
                "sha256:c097078b8031190c934ed0ebfee8cc5f9ba9642e6eb88322b9958b649750f72b",
                "sha256:c0f3fa6200b3108919f8bdabb9a7f87f20e7097ea3c543754cabc7d717d95cf8",
                "sha256:e678ad6fe52af2c58d2ae3c73dc85524ba8abe637f134bf3564ed07f555c5e79",
                "sha256:ec7e6b09a6fdded42403182ab6b832b71f4edaf7f37a9a0e371a01db5f0cb45f",
                "sha256:f0ce1b49560b1d2d8a2977e3ba4afb2414fb46b86a1b64056bc4ab929efdafbe",
                "sha256:f38b2e090258d051d68a5b14d1da7203a3c3677321cf32a95a6f4db4dd8b6f26",
                "sha256:f3df876acd7ec037a3d005b3ab85a7e4110422e4d9c1571d4fc89b0fc41b6816",
                "sha256:f7089d2dc73179ce5ac255bdf37c236a9f914b264825fdaacaded6990a7fb4c2"
            ],
            "markers": "sys_platform != 'win32' and platform_python_implementation == 'CPython'",
            "version": "==0.21.0"
        }
    },
    "develop": {
        "cfgv": {
            "hashes": [
                "sha256:b7265b1f29fd3316bfcd2b330d63d024f2bfd8bcb8b0272f8e19a504856c48f9",
                "sha256:e52591d4c5f5dead8e0f673fb16db7949d2cfb3f7da4582893288f0ded8fe560"
            ],
            "markers": "python_version >= '3.8'",
            "version": "==3.4.0"
        },
        "coverage": {
            "extras": [
                "toml"
            ],
            "hashes": [
                "sha256:00a1d69c112ff5149cabe60d2e2ee948752c975d95f1e1096742e6077affd376",
                "sha256:023bf8ee3ec6d35af9c1c6ccc1d18fa69afa1cb29eaac57cb064dbb262a517f9",
                "sha256:0294ca37f1ba500667b1aef631e48d875ced93ad5e06fa665a3295bdd1d95111",
                "sha256:06babbb8f4e74b063dbaeb74ad68dfce9186c595a15f11f5d5683f748fa1d172",
                "sha256:0809082ee480bb8f7416507538243c8863ac74fd8a5d2485c46f0f7499f2b491",
                "sha256:0b3fb02fe73bed561fa12d279a417b432e5b50fe03e8d663d61b3d5990f29546",
                "sha256:0b58c672d14f16ed92a48db984612f5ce3836ae7d72cdd161001cc54512571f2",
                "sha256:0bcd1069e710600e8e4cf27f65c90c7843fa8edfb4520fb0ccb88894cad08b11",
                "sha256:1032e178b76a4e2b5b32e19d0fd0abbce4b58e77a1ca695820d10e491fa32b08",
                "sha256:11a223a14e91a4693d2d0755c7a043db43d96a7450b4f356d506c2562c48642c",
                "sha256:12394842a3a8affa3ba62b0d4ab7e9e210c5e366fbac3e8b2a68636fb19892c2",
                "sha256:182e6cd5c040cec0a1c8d415a87b67ed01193ed9ad458ee427741c7d8513d963",
                "sha256:1d5b8007f81b88696d06f7df0cb9af0d3b835fe0c8dbf489bad70b45f0e45613",
                "sha256:1f76846299ba5c54d12c91d776d9605ae33f8ae2b9d1d3c3703cf2db1a67f2c0",
                "sha256:27fb4a050aaf18772db513091c9c13f6cb94ed40eacdef8dad8411d92d9992db",
                "sha256:29155cd511ee058e260db648b6182c419422a0d2e9a4fa44501898cf918866cf",
                "sha256:29fc0f17b1d3fea332f8001d4558f8214af7f1d87a345f3a133c901d60347c73",
                "sha256:2b6b4c83d8e8ea79f27ab80778c19bc037759aea298da4b56621f4474ffeb117",
                "sha256:2fdef0d83a2d08d69b1f2210a93c416d54e14d9eb398f6ab2f0a209433db19e1",
                "sha256:3c65d37f3a9ebb703e710befdc489a38683a5b152242664b973a7b7b22348a4e",
                "sha256:4f704f0998911abf728a7783799444fcbbe8261c4a6c166f667937ae6a8aa522",
                "sha256:51b44306032045b383a7a8a2c13878de375117946d68dcb54308111f39775a25",
                "sha256:53d202fd109416ce011578f321460795abfe10bb901b883cafd9b3ef851bacfc",
                "sha256:58809e238a8a12a625c70450b48e8767cff9eb67c62e6154a642b21ddf79baea",
                "sha256:5915fcdec0e54ee229926868e9b08586376cae1f5faa9bbaf8faf3561b393d52",
                "sha256:5beb1ee382ad32afe424097de57134175fea3faf847b9af002cc7895be4e2a5a",
                "sha256:5f8ae553cba74085db385d489c7a792ad66f7f9ba2ee85bfa508aeb84cf0ba07",
                "sha256:5fbd612f8a091954a0c8dd4c0b571b973487277d26476f8480bfa4b2a65b5d06",
                "sha256:6bd818b7ea14bc6e1f06e241e8234508b21edf1b242d49831831a9450e2f35fa",
                "sha256:6f01ba56b1c0e9d149f9ac85a2f999724895229eb36bd997b61e62999e9b0901",
                "sha256:73d2b73584446e66ee633eaad1a56aad577c077f46c35ca3283cd687b7715b0b",
                "sha256:7bb92c539a624cf86296dd0c68cd5cc286c9eef2d0c3b8b192b604ce9de20a17",
                "sha256:8165b796df0bd42e10527a3f493c592ba494f16ef3c8b531288e3d0d72c1f6f0",
                "sha256:862264b12ebb65ad8d863d51f17758b1684560b66ab02770d4f0baf2ff75da21",
                "sha256:8902dd6a30173d4ef09954bfcb24b5d7b5190cf14a43170e386979651e09ba19",
                "sha256:8cf717ee42012be8c0cb205dbbf18ffa9003c4cbf4ad078db47b95e10748eec5",
                "sha256:8ed9281d1b52628e81393f5eaee24a45cbd64965f41857559c2b7ff19385df51",
                "sha256:99b41d18e6b2a48ba949418db48159d7a2e81c5cc290fc934b7d2380515bd0e3",
                "sha256:9cb7fa111d21a6b55cbf633039f7bc2749e74932e3aa7cb7333f675a58a58bf3",
                "sha256:a181e99301a0ae128493a24cfe5cfb5b488c4e0bf2f8702091473d033494d04f",
                "sha256:a413a096c4cbac202433c850ee43fa326d2e871b24554da8327b01632673a076",
                "sha256:a6b1e54712ba3474f34b7ef7a41e65bd9037ad47916ccb1cc78769bae324c01a",
                "sha256:ade3ca1e5f0ff46b678b66201f7ff477e8fa11fb537f3b55c3f0568fbfe6e718",
                "sha256:b0ac3d42cb51c4b12df9c5f0dd2f13a4f24f01943627120ec4d293c9181219ba",
                "sha256:b369ead6527d025a0fe7bd3864e46dbee3aa8f652d48df6174f8d0bac9e26e0e",
                "sha256:b57b768feb866f44eeed9f46975f3d6406380275c5ddfe22f531a2bf187eda27",
                "sha256:b8d3a03d9bfcaf5b0141d07a88456bb6a4c3ce55c080712fec8418ef3610230e",
                "sha256:bc66f0bf1d7730a17430a50163bb264ba9ded56739112368ba985ddaa9c3bd09",
                "sha256:bf20494da9653f6410213424f5f8ad0ed885e01f7e8e59811f572bdb20b8972e",
                "sha256:c48167910a8f644671de9f2083a23630fbf7a1cb70ce939440cd3328e0919f70",
                "sha256:c481b47f6b5845064c65a7bc78bc0860e635a9b055af0df46fdf1c58cebf8e8f",
                "sha256:c7c8b95bf47db6d19096a5e052ffca0a05f335bc63cef281a6e8fe864d450a72",
                "sha256:c9b8e184898ed014884ca84c70562b4a82cbc63b044d366fedc68bc2b2f3394a",
                "sha256:cc8ff50b50ce532de2fa7a7daae9dd12f0a699bfcd47f20945364e5c31799fef",
                "sha256:d541423cdd416b78626b55f123412fcf979d22a2c39fce251b350de38c15c15b",
                "sha256:dab4d16dfef34b185032580e2f2f89253d302facba093d5fa9dbe04f569c4f4b",
                "sha256:dacbc52de979f2823a819571f2e3a350a7e36b8cb7484cdb1e289bceaf35305f",
                "sha256:df57bdbeffe694e7842092c5e2e0bc80fff7f43379d465f932ef36f027179806",
                "sha256:ed8fe9189d2beb6edc14d3ad19800626e1d9f2d975e436f84e19efb7fa19469b",
                "sha256:f3ddf056d3ebcf6ce47bdaf56142af51bb7fad09e4af310241e9db7a3a8022e1",
                "sha256:f8fe4984b431f8621ca53d9380901f62bfb54ff759a1348cd140490ada7b693c",
                "sha256:fe439416eb6380de434886b00c859304338f8b19f6f54811984f3420a2e03858"
            ],
            "markers": "python_version >= '3.9'",
            "version": "==7.6.4"
        },
        "distlib": {
            "hashes": [
                "sha256:47f8c22fd27c27e25a65601af709b38e4f0a45ea4fc2e710f65755fa8caaaf87",
                "sha256:a60f20dea646b8a33f3e7772f74dc0b2d0772d2837ee1342a00645c81edf9403"
            ],
            "version": "==0.3.9"
        },
        "factory-boy": {
            "hashes": [
                "sha256:7b1113c49736e1e9995bc2a18f4dbf2c52cf0f841103517010b1d825712ce3ca",
                "sha256:8317aa5289cdfc45f9cae570feb07a6177316c82e34d14df3c2e1f22f26abef0"
            ],
            "index": "pypi",
            "markers": "python_version >= '3.8'",
            "version": "==3.3.1"
        },
        "faker": {
            "hashes": [
                "sha256:4f7f133560b9d4d2a915581f4ba86f9a6a83421b89e911f36c4c96cff58135a5",
                "sha256:93e8b70813f76d05d98951154681180cb795cfbcff3eced7680d963bcc0da2a9"
            ],
            "markers": "python_version >= '3.8'",
            "version": "==30.8.1"
        },
        "filelock": {
            "hashes": [
                "sha256:2082e5703d51fbf98ea75855d9d5527e33d8ff23099bec374a134febee6946b0",
                "sha256:c249fbfcd5db47e5e2d6d62198e565475ee65e4831e2561c8e313fa7eb961435"
            ],
            "markers": "python_version >= '3.8'",
            "version": "==3.16.1"
        },
        "identify": {
            "hashes": [
                "sha256:53863bcac7caf8d2ed85bd20312ea5dcfc22226800f6d6881f232d861db5a8f0",
                "sha256:91478c5fb7c3aac5ff7bf9b4344f803843dc586832d5f110d672b19aa1984c98"
            ],
            "markers": "python_version >= '3.8'",
            "version": "==2.6.1"
        },
        "iniconfig": {
            "hashes": [
                "sha256:2d91e135bf72d31a410b17c16da610a82cb55f6b0477d1a902134b24a455b8b3",
                "sha256:b6a85871a79d2e3b22d2d1b94ac2824226a63c6b741c88f7ae975f18b6778374"
            ],
            "markers": "python_version >= '3.7'",
            "version": "==2.0.0"
        },
        "nodeenv": {
            "hashes": [
                "sha256:6ec12890a2dab7946721edbfbcd91f3319c6ccc9aec47be7c7e6b7011ee6645f",
                "sha256:ba11c9782d29c27c70ffbdda2d7415098754709be8a7056d79a737cd901155c9"
            ],
            "markers": "python_version >= '2.7' and python_version not in '3.0, 3.1, 3.2, 3.3, 3.4, 3.5, 3.6'",
            "version": "==1.9.1"
        },
        "packaging": {
            "hashes": [
                "sha256:026ed72c8ed3fcce5bf8950572258698927fd1dbda10a5e981cdf0ac37f4f002",
                "sha256:5b8f2217dbdbd2f7f384c41c628544e6d52f2d0f53c6d0c3ea61aa5d1d7ff124"
            ],
            "markers": "python_version >= '3.8'",
            "version": "==24.1"
        },
        "platformdirs": {
            "hashes": [
                "sha256:357fb2acbc885b0419afd3ce3ed34564c13c9b95c89360cd9563f73aa5e2b907",
                "sha256:73e575e1408ab8103900836b97580d5307456908a03e92031bab39e4554cc3fb"
            ],
            "markers": "python_version >= '3.8'",
            "version": "==4.3.6"
        },
        "pluggy": {
            "hashes": [
                "sha256:2cffa88e94fdc978c4c574f15f9e59b7f4201d439195c3715ca9e2486f1d0cf1",
                "sha256:44e1ad92c8ca002de6377e165f3e0f1be63266ab4d554740532335b9d75ea669"
            ],
            "markers": "python_version >= '3.8'",
            "version": "==1.5.0"
        },
        "pre-commit": {
            "hashes": [
                "sha256:80905ac375958c0444c65e9cebebd948b3cdb518f335a091a670a89d652139d2",
                "sha256:efde913840816312445dc98787724647c65473daefe420785f885e8ed9a06878"
            ],
            "index": "pypi",
            "markers": "python_version >= '3.9'",
            "version": "==4.0.1"
        },
        "pytest": {
            "hashes": [
                "sha256:70b98107bd648308a7952b06e6ca9a50bc660be218d53c257cc1fc94fda10181",
                "sha256:a6853c7375b2663155079443d2e45de913a911a11d669df02a50814944db57b2"
            ],
            "index": "pypi",
            "markers": "python_version >= '3.8'",
            "version": "==8.3.3"
        },
        "pytest-cov": {
            "hashes": [
                "sha256:4f0764a1219df53214206bf1feea4633c3b558a2925c8b59f144f682861ce652",
                "sha256:5837b58e9f6ebd335b0f8060eecce69b662415b16dc503883a02f45dfeb14857"
            ],
            "index": "pypi",
            "markers": "python_version >= '3.8'",
            "version": "==5.0.0"
        },
        "pytest-django": {
            "hashes": [
                "sha256:1d83692cb39188682dbb419ff0393867e9904094a549a7d38a3154d5731b2b99",
                "sha256:8bf7bc358c9ae6f6fc51b6cebb190fe20212196e6807121f11bd6a3b03428314"
            ],
            "index": "pypi",
            "markers": "python_version >= '3.8'",
            "version": "==4.9.0"
        },
        "python-dateutil": {
            "hashes": [
                "sha256:37dd54208da7e1cd875388217d5e00ebd4179249f90fb72437e91a35459a0ad3",
                "sha256:a8b2bc7bffae282281c8140a97d3aa9c14da0b136dfe83f850eea9a5f7470427"
            ],
            "markers": "python_version >= '2.7' and python_version not in '3.0, 3.1, 3.2'",
            "version": "==2.9.0.post0"
        },
        "pyyaml": {
            "hashes": [
                "sha256:01179a4a8559ab5de078078f37e5c1a30d76bb88519906844fd7bdea1b7729ff",
                "sha256:0833f8694549e586547b576dcfaba4a6b55b9e96098b36cdc7ebefe667dfed48",
                "sha256:0a9a2848a5b7feac301353437eb7d5957887edbf81d56e903999a75a3d743086",
                "sha256:0b69e4ce7a131fe56b7e4d770c67429700908fc0752af059838b1cfb41960e4e",
                "sha256:0ffe8360bab4910ef1b9e87fb812d8bc0a308b0d0eef8c8f44e0254ab3b07133",
                "sha256:11d8f3dd2b9c1207dcaf2ee0bbbfd5991f571186ec9cc78427ba5bd32afae4b5",
                "sha256:17e311b6c678207928d649faa7cb0d7b4c26a0ba73d41e99c4fff6b6c3276484",
                "sha256:1e2120ef853f59c7419231f3bf4e7021f1b936f6ebd222406c3b60212205d2ee",
                "sha256:1f71ea527786de97d1a0cc0eacd1defc0985dcf6b3f17bb77dcfc8c34bec4dc5",
                "sha256:23502f431948090f597378482b4812b0caae32c22213aecf3b55325e049a6c68",
                "sha256:24471b829b3bf607e04e88d79542a9d48bb037c2267d7927a874e6c205ca7e9a",
                "sha256:29717114e51c84ddfba879543fb232a6ed60086602313ca38cce623c1d62cfbf",
                "sha256:2e99c6826ffa974fe6e27cdb5ed0021786b03fc98e5ee3c5bfe1fd5015f42b99",
                "sha256:39693e1f8320ae4f43943590b49779ffb98acb81f788220ea932a6b6c51004d8",
                "sha256:3ad2a3decf9aaba3d29c8f537ac4b243e36bef957511b4766cb0057d32b0be85",
                "sha256:3b1fdb9dc17f5a7677423d508ab4f243a726dea51fa5e70992e59a7411c89d19",
                "sha256:41e4e3953a79407c794916fa277a82531dd93aad34e29c2a514c2c0c5fe971cc",
                "sha256:43fa96a3ca0d6b1812e01ced1044a003533c47f6ee8aca31724f78e93ccc089a",
                "sha256:50187695423ffe49e2deacb8cd10510bc361faac997de9efef88badc3bb9e2d1",
                "sha256:5ac9328ec4831237bec75defaf839f7d4564be1e6b25ac710bd1a96321cc8317",
                "sha256:5d225db5a45f21e78dd9358e58a98702a0302f2659a3c6cd320564b75b86f47c",
                "sha256:6395c297d42274772abc367baaa79683958044e5d3835486c16da75d2a694631",
                "sha256:688ba32a1cffef67fd2e9398a2efebaea461578b0923624778664cc1c914db5d",
                "sha256:68ccc6023a3400877818152ad9a1033e3db8625d899c72eacb5a668902e4d652",
                "sha256:70b189594dbe54f75ab3a1acec5f1e3faa7e8cf2f1e08d9b561cb41b845f69d5",
                "sha256:797b4f722ffa07cc8d62053e4cff1486fa6dc094105d13fea7b1de7d8bf71c9e",
                "sha256:7c36280e6fb8385e520936c3cb3b8042851904eba0e58d277dca80a5cfed590b",
                "sha256:7e7401d0de89a9a855c839bc697c079a4af81cf878373abd7dc625847d25cbd8",
                "sha256:80bab7bfc629882493af4aa31a4cfa43a4c57c83813253626916b8c7ada83476",
                "sha256:82d09873e40955485746739bcb8b4586983670466c23382c19cffecbf1fd8706",
                "sha256:8388ee1976c416731879ac16da0aff3f63b286ffdd57cdeb95f3f2e085687563",
                "sha256:8824b5a04a04a047e72eea5cec3bc266db09e35de6bdfe34c9436ac5ee27d237",
                "sha256:8b9c7197f7cb2738065c481a0461e50ad02f18c78cd75775628afb4d7137fb3b",
                "sha256:9056c1ecd25795207ad294bcf39f2db3d845767be0ea6e6a34d856f006006083",
                "sha256:936d68689298c36b53b29f23c6dbb74de12b4ac12ca6cfe0e047bedceea56180",
                "sha256:9b22676e8097e9e22e36d6b7bda33190d0d400f345f23d4065d48f4ca7ae0425",
                "sha256:a4d3091415f010369ae4ed1fc6b79def9416358877534caf6a0fdd2146c87a3e",
                "sha256:a8786accb172bd8afb8be14490a16625cbc387036876ab6ba70912730faf8e1f",
                "sha256:a9f8c2e67970f13b16084e04f134610fd1d374bf477b17ec1599185cf611d725",
                "sha256:bc2fa7c6b47d6bc618dd7fb02ef6fdedb1090ec036abab80d4681424b84c1183",
                "sha256:c70c95198c015b85feafc136515252a261a84561b7b1d51e3384e0655ddf25ab",
                "sha256:cc1c1159b3d456576af7a3e4d1ba7e6924cb39de8f67111c735f6fc832082774",
                "sha256:ce826d6ef20b1bc864f0a68340c8b3287705cae2f8b4b1d932177dcc76721725",
                "sha256:d584d9ec91ad65861cc08d42e834324ef890a082e591037abe114850ff7bbc3e",
                "sha256:d7fded462629cfa4b685c5416b949ebad6cec74af5e2d42905d41e257e0869f5",
                "sha256:d84a1718ee396f54f3a086ea0a66d8e552b2ab2017ef8b420e92edbc841c352d",
                "sha256:d8e03406cac8513435335dbab54c0d385e4a49e4945d2909a581c83647ca0290",
                "sha256:e10ce637b18caea04431ce14fabcf5c64a1c61ec9c56b071a4b7ca131ca52d44",
                "sha256:ec031d5d2feb36d1d1a24380e4db6d43695f3748343d99434e6f5f9156aaa2ed",
                "sha256:ef6107725bd54b262d6dedcc2af448a266975032bc85ef0172c5f059da6325b4",
                "sha256:efdca5630322a10774e8e98e1af481aad470dd62c3170801852d752aa7a783ba",
                "sha256:f753120cb8181e736c57ef7636e83f31b9c0d1722c516f7e86cf15b7aa57ff12",
                "sha256:ff3824dc5261f50c9b0dfb3be22b4567a6f938ccce4587b38952d85fd9e9afe4"
            ],
            "markers": "python_version >= '3.8'",
            "version": "==6.0.2"
        },
        "six": {
            "hashes": [
                "sha256:1e61c37477a1626458e36f7b1d82aa5c9b094fa4802892072e49de9c60c4c926",
                "sha256:8abb2f1d86890a2dfb989f9a77cfcfd3e47c2a354b01111771326f8aa26e0254"
            ],
            "markers": "python_version >= '2.7' and python_version not in '3.0, 3.1, 3.2'",
            "version": "==1.16.0"
        },
        "typing-extensions": {
            "hashes": [
                "sha256:04e5ca0351e0f3f85c6853954072df659d0d13fac324d0072316b67d7794700d",
                "sha256:1a7ead55c7e559dd4dee8856e3a88b41225abfe1ce8df57b7c13915fe121ffb8"
            ],
            "markers": "python_version >= '3.8'",
            "version": "==4.12.2"
        },
        "virtualenv": {
            "hashes": [
                "sha256:2ca56a68ed615b8fe4326d11a0dca5dfbe8fd68510fb6c6349163bed3c15f2b2",
                "sha256:44a72c29cceb0ee08f300b314848c86e57bf8d1f13107a5e671fb9274138d655"
            ],
            "markers": "python_version >= '3.8'",
            "version": "==20.27.0"
        }
    }
}
